
Microsoft Visual Studio Solution File, Format Version 12.00
# Visual Studio Version 17
VisualStudioVersion = 17.3.32922.545
MinimumVisualStudioVersion = 10.0.40219.1
Project("{FAE04EC0-301F-11D3-BF4B-00C04F79EFBC}") = "FileIOandStream", "FileIOandStream\FileIOandStream.csproj", "{81FC62D3-7D08-4705-8C57-3DD2E5FF2950}"
EndProject
Global
	GlobalSection(SolutionConfigurationPlatforms) = preSolution
		Debug|Any CPU = Debug|Any CPU
		Release|Any CPU = Release|Any CPU
	EndGlobalSection
	GlobalSection(ProjectConfigurationPlatforms) = postSolution
		{81FC62D3-7D08-4705-8C57-3DD2E5FF2950}.Debug|Any CPU.ActiveCfg = Debug|Any CPU
		{81FC62D3-7D08-4705-8C57-3DD2E5FF2950}.Debug|Any CPU.Build.0 = Debug|Any CPU
		{81FC62D3-7D08-4705-8C57-3DD2E5FF2950}.Release|Any CPU.ActiveCfg = Release|Any CPU
		{81FC62D3-7D08-4705-8C57-3DD2E5FF2950}.Release|Any CPU.Build.0 = Release|Any CPU
	EndGlobalSection
	GlobalSection(SolutionProperties) = preSolution
		HideSolutionNode = FALSE
	EndGlobalSection
	GlobalSection(ExtensibilityGlobals) = postSolution
		SolutionGuid = {01C900DB-D43F-4797-9F69-9A2DF8DE3D35}
	EndGlobalSection
EndGlobal
